
Microsoft Visual Studio Solution File, Format Version 12.00
# Visual Studio Version 17
VisualStudioVersion = 17.4.33213.308
MinimumVisualStudioVersion = 10.0.40219.1
Project("{FAE04EC0-301F-11D3-BF4B-00C04F79EFBC}") = "TP1 - Testes Unitários", "TP1 - Testes Unitários\TP1 - Testes Unitários.csproj", "{C05AFA58-7419-48CB-9067-8B77CA428B36}"
EndProject
Project("{FAE04EC0-301F-11D3-BF4B-00C04F79EFBC}") = "Tests", "Tests\Tests.csproj", "{730EC61E-049B-4D8E-A334-F460D0D34DDD}"
EndProject
Global
	GlobalSection(SolutionConfigurationPlatforms) = preSolution
		Debug|Any CPU = Debug|Any CPU
		Release|Any CPU = Release|Any CPU
	EndGlobalSection
	GlobalSection(ProjectConfigurationPlatforms) = postSolution
		{C05AFA58-7419-48CB-9067-8B77CA428B36}.Debug|Any CPU.ActiveCfg = Debug|Any CPU
		{C05AFA58-7419-48CB-9067-8B77CA428B36}.Debug|Any CPU.Build.0 = Debug|Any CPU
		{C05AFA58-7419-48CB-9067-8B77CA428B36}.Release|Any CPU.ActiveCfg = Release|Any CPU
		{C05AFA58-7419-48CB-9067-8B77CA428B36}.Release|Any CPU.Build.0 = Release|Any CPU
		{730EC61E-049B-4D8E-A334-F460D0D34DDD}.Debug|Any CPU.ActiveCfg = Debug|Any CPU
		{730EC61E-049B-4D8E-A334-F460D0D34DDD}.Debug|Any CPU.Build.0 = Debug|Any CPU
		{730EC61E-049B-4D8E-A334-F460D0D34DDD}.Release|Any CPU.ActiveCfg = Release|Any CPU
		{730EC61E-049B-4D8E-A334-F460D0D34DDD}.Release|Any CPU.Build.0 = Release|Any CPU
	EndGlobalSection
	GlobalSection(SolutionProperties) = preSolution
		HideSolutionNode = FALSE
	EndGlobalSection
	GlobalSection(ExtensibilityGlobals) = postSolution
		SolutionGuid = {B04C7447-EAB3-43F7-B944-ED796AAFE07D}
	EndGlobalSection
EndGlobal
